
Microsoft Visual Studio Solution File, Format Version 11.00
# Visual Studio 2010
Project("{FAE04EC0-301F-11D3-BF4B-00C04F79EFBC}") = "HiddenMarkovModels", "HiddenMarkovModels.csproj", "{54CF3FF4-3E8F-4C78-84F1-73B2A34282C0}"
EndProject
Global
	GlobalSection(SolutionConfigurationPlatforms) = preSolution
		Debug|x86 = Debug|x86
		Release|x86 = Release|x86
	EndGlobalSection
	GlobalSection(ProjectConfigurationPlatforms) = postSolution
		{54CF3FF4-3E8F-4C78-84F1-73B2A34282C0}.Debug|x86.ActiveCfg = Debug|x86
		{54CF3FF4-3E8F-4C78-84F1-73B2A34282C0}.Debug|x86.Build.0 = Debug|x86
		{54CF3FF4-3E8F-4C78-84F1-73B2A34282C0}.Release|x86.ActiveCfg = Release|x86
		{54CF3FF4-3E8F-4C78-84F1-73B2A34282C0}.Release|x86.Build.0 = Release|x86
	EndGlobalSection
	GlobalSection(MonoDevelopProperties) = preSolution
		StartupItem = HiddenMarkovModels.csproj
	EndGlobalSection
EndGlobal
